
Microsoft Visual Studio Solution File, Format Version 12.00
# Visual Studio Version 17
VisualStudioVersion = 17.14.36401.2 d17.14
MinimumVisualStudioVersion = 10.0.40219.1
Project("{FAE04EC0-301F-11D3-BF4B-00C04F79EFBC}") = "Note", "Note\Note.csproj", "{724764B5-1C49-452D-9660-888035E6F365}"
EndProject
Global
	GlobalSection(SolutionConfigurationPlatforms) = preSolution
		Debug|Any CPU = Debug|Any CPU
		Release|Any CPU = Release|Any CPU
	EndGlobalSection
	GlobalSection(ProjectConfigurationPlatforms) = postSolution
		{724764B5-1C49-452D-9660-888035E6F365}.Debug|Any CPU.ActiveCfg = Release|Any CPU
		{724764B5-1C49-452D-9660-888035E6F365}.Debug|Any CPU.Build.0 = Release|Any CPU
		{724764B5-1C49-452D-9660-888035E6F365}.Release|Any CPU.ActiveCfg = Release|Any CPU
		{724764B5-1C49-452D-9660-888035E6F365}.Release|Any CPU.Build.0 = Release|Any CPU
	EndGlobalSection
	GlobalSection(SolutionProperties) = preSolution
		HideSolutionNode = FALSE
	EndGlobalSection
	GlobalSection(ExtensibilityGlobals) = postSolution
		SolutionGuid = {27E988EB-47CA-4C48-8D45-78841EBBBAC1}
	EndGlobalSection
EndGlobal
